{
  "object": {
    "pins": [
      {
        "package": "Zip",
        "repositoryURL": "https://github.com/marmelroy/Zip",
        "state": {
          "branch": null,
          "revision": "059e7346082d02de16220cd79df7db18ddeba8c3",
          "version": null
        }
      }
    ]
  },
  "version": 1
}
