// !$*UTF8*$!
{
	archiveVersion = 1;
	classes = {
	};
	objectVersion = 50;
	objects = {

/* Begin PBXBuildFile section */
		0C256C7D221FFA1600CB89C9 /* TextBundle.h in Headers */ = {isa = PBXBuildFile; fileRef = 0C256C6F221FFA1600CB89C9 /* TextBundle.h */; settings = {ATTRIBUTES = (Public, ); }; };
		0C256C89221FFB6A00CB89C9 /* TextBundleWrapper.h in Headers */ = {isa = PBXBuildFile; fileRef = 0C256C87221FFB6A00CB89C9 /* TextBundleWrapper.h */; settings = {ATTRIBUTES = (Public, ); }; };
		0C256C8A221FFB6A00CB89C9 /* TextBundleWrapper.m in Sources */ = {isa = PBXBuildFile; fileRef = 0C256C88221FFB6A00CB89C9 /* TextBundleWrapper.m */; };
		0C256C9222200B2800CB89C9 /* TextBundleTests.m in Sources */ = {isa = PBXBuildFile; fileRef = 0C256C9122200B2800CB89C9 /* TextBundleTests.m */; };
		0C256C9422200B2800CB89C9 /* TextBundle.framework in Frameworks */ = {isa = PBXBuildFile; fileRef = 0C256C6C221FFA1600CB89C9 /* TextBundle.framework */; };
		0C256C9F22202ED000CB89C9 /* text plus attachments.textbundle in Resources */ = {isa = PBXBuildFile; fileRef = 0C256C9D22202ED000CB89C9 /* text plus attachments.textbundle */; };
		0C256CA022202ED000CB89C9 /* only text.textbundle in Resources */ = {isa = PBXBuildFile; fileRef = 0C256C9E22202ED000CB89C9 /* only text.textbundle */; };
		0C5DE019222EABA600ADC323 /* sample asset.jpg in Resources */ = {isa = PBXBuildFile; fileRef = 0C5DE018222EABA600ADC323 /* sample asset.jpg */; };
		0C5DE01B222EACC800ADC323 /* sample asset 2.jpg in Resources */ = {isa = PBXBuildFile; fileRef = 0C5DE01A222EACC800ADC323 /* sample asset 2.jpg */; };
		0C75E8CA2293EACC0040E41C /* invalid zipped textbundle.textbundle in Resources */ = {isa = PBXBuildFile; fileRef = 0C75E8C92293EACC0040E41C /* invalid zipped textbundle.textbundle */; };
		0CB23603222195BD005A4E82 /* invalid no text.textbundle in Resources */ = {isa = PBXBuildFile; fileRef = 0CB23601222195BD005A4E82 /* invalid no text.textbundle */; };
		0CB23604222195BD005A4E82 /* invalid no info.textbundle in Resources */ = {isa = PBXBuildFile; fileRef = 0CB23602222195BD005A4E82 /* invalid no info.textbundle */; };
		0CB2361222241595005A4E82 /* TextBundle.h in Headers */ = {isa = PBXBuildFile; fileRef = 0CB2361022241595005A4E82 /* TextBundle.h */; settings = {ATTRIBUTES = (Public, ); }; };
		0CB23616222415CA005A4E82 /* TextBundleWrapper.m in Sources */ = {isa = PBXBuildFile; fileRef = 0C256C88221FFB6A00CB89C9 /* TextBundleWrapper.m */; };
		0CB23617222415CC005A4E82 /* TextBundleWrapper.h in Headers */ = {isa = PBXBuildFile; fileRef = 0C256C87221FFB6A00CB89C9 /* TextBundleWrapper.h */; settings = {ATTRIBUTES = (Public, ); }; };
		0CB2361B2224162D005A4E82 /* CoreServices.framework in Frameworks */ = {isa = PBXBuildFile; fileRef = 0CB2361A2224162D005A4E82 /* CoreServices.framework */; };
/* End PBXBuildFile section */

/* Begin PBXContainerItemProxy section */
		0C256C9522200B2800CB89C9 /* PBXContainerItemProxy */ = {
			isa = PBXContainerItemProxy;
			containerPortal = 0C256C61221FF9CC00CB89C9 /* Project object */;
			proxyType = 1;
			remoteGlobalIDString = 0C256C6B221FFA1600CB89C9;
			remoteInfo = "TextBundle-Mac";
		};
/* End PBXContainerItemProxy section */

/* Begin PBXFileReference section */
		0C256C6C221FFA1600CB89C9 /* TextBundle.framework */ = {isa = PBXFileReference; explicitFileType = wrapper.framework; includeInIndex = 0; path = TextBundle.framework; sourceTree = BUILT_PRODUCTS_DIR; };
		0C256C6F221FFA1600CB89C9 /* TextBundle.h */ = {isa = PBXFileReference; lastKnownFileType = sourcecode.c.h; path = TextBundle.h; sourceTree = "<group>"; };
		0C256C70221FFA1600CB89C9 /* Info.plist */ = {isa = PBXFileReference; lastKnownFileType = text.plist.xml; path = Info.plist; sourceTree = "<group>"; };
		0C256C87221FFB6A00CB89C9 /* TextBundleWrapper.h */ = {isa = PBXFileReference; lastKnownFileType = sourcecode.c.h; path = TextBundleWrapper.h; sourceTree = "<group>"; };
		0C256C88221FFB6A00CB89C9 /* TextBundleWrapper.m */ = {isa = PBXFileReference; lastKnownFileType = sourcecode.c.objc; path = TextBundleWrapper.m; sourceTree = "<group>"; };
		0C256C8F22200B2800CB89C9 /* TextBundleTests.xctest */ = {isa = PBXFileReference; explicitFileType = wrapper.cfbundle; includeInIndex = 0; path = TextBundleTests.xctest; sourceTree = BUILT_PRODUCTS_DIR; };
		0C256C9122200B2800CB89C9 /* TextBundleTests.m */ = {isa = PBXFileReference; lastKnownFileType = sourcecode.c.objc; path = TextBundleTests.m; sourceTree = "<group>"; };
		0C256C9322200B2800CB89C9 /* Info.plist */ = {isa = PBXFileReference; lastKnownFileType = text.plist.xml; path = Info.plist; sourceTree = "<group>"; };
		0C256C9D22202ED000CB89C9 /* text plus attachments.textbundle */ = {isa = PBXFileReference; lastKnownFileType = wrapper; path = "text plus attachments.textbundle"; sourceTree = "<group>"; };
		0C256C9E22202ED000CB89C9 /* only text.textbundle */ = {isa = PBXFileReference; lastKnownFileType = wrapper; path = "only text.textbundle"; sourceTree = "<group>"; };
		0C5DE018222EABA600ADC323 /* sample asset.jpg */ = {isa = PBXFileReference; lastKnownFileType = image.jpeg; path = "sample asset.jpg"; sourceTree = "<group>"; };
		0C5DE01A222EACC800ADC323 /* sample asset 2.jpg */ = {isa = PBXFileReference; lastKnownFileType = image.jpeg; path = "sample asset 2.jpg"; sourceTree = "<group>"; };
		0C75E8C92293EACC0040E41C /* invalid zipped textbundle.textbundle */ = {isa = PBXFileReference; lastKnownFileType = file; path = "invalid zipped textbundle.textbundle"; sourceTree = "<group>"; };
		0CB23601222195BD005A4E82 /* invalid no text.textbundle */ = {isa = PBXFileReference; lastKnownFileType = wrapper; path = "invalid no text.textbundle"; sourceTree = "<group>"; };
		0CB23602222195BD005A4E82 /* invalid no info.textbundle */ = {isa = PBXFileReference; lastKnownFileType = wrapper; path = "invalid no info.textbundle"; sourceTree = "<group>"; };
		0CB2360E22241595005A4E82 /* TextBundle.framework */ = {isa = PBXFileReference; explicitFileType = wrapper.framework; includeInIndex = 0; path = TextBundle.framework; sourceTree = BUILT_PRODUCTS_DIR; };
		0CB2361022241595005A4E82 /* TextBundle.h */ = {isa = PBXFileReference; lastKnownFileType = sourcecode.c.h; path = TextBundle.h; sourceTree = "<group>"; };
		0CB2361122241595005A4E82 /* Info.plist */ = {isa = PBXFileReference; lastKnownFileType = text.plist.xml; path = Info.plist; sourceTree = "<group>"; };
		0CB2361A2224162D005A4E82 /* CoreServices.framework */ = {isa = PBXFileReference; lastKnownFileType = wrapper.framework; name = CoreServices.framework; path = Platforms/iPhoneOS.platform/Developer/SDKs/iPhoneOS12.1.sdk/System/Library/Frameworks/CoreServices.framework; sourceTree = DEVELOPER_DIR; };
/* End PBXFileReference section */

/* Begin PBXFrameworksBuildPhase section */
		0C256C69221FFA1600CB89C9 /* Frameworks */ = {
			isa = PBXFrameworksBuildPhase;
			buildActionMask = 2147483647;
			files = (
			);
			runOnlyForDeploymentPostprocessing = 0;
		};
		0C256C8C22200B2800CB89C9 /* Frameworks */ = {
			isa = PBXFrameworksBuildPhase;
			buildActionMask = 2147483647;
			files = (
				0C256C9422200B2800CB89C9 /* TextBundle.framework in Frameworks */,
			);
			runOnlyForDeploymentPostprocessing = 0;
		};
		0CB2360B22241595005A4E82 /* Frameworks */ = {
			isa = PBXFrameworksBuildPhase;
			buildActionMask = 2147483647;
			files = (
				0CB2361B2224162D005A4E82 /* CoreServices.framework in Frameworks */,
			);
			runOnlyForDeploymentPostprocessing = 0;
		};
/* End PBXFrameworksBuildPhase section */

/* Begin PBXGroup section */
		0C256C60221FF9CC00CB89C9 = {
			isa = PBXGroup;
			children = (
				0C256C84221FFADB00CB89C9 /* TextBundle */,
				0C256C6E221FFA1600CB89C9 /* TextBundle-Mac */,
				0CB2360F22241595005A4E82 /* TextBundle-iOS */,
				0C256C9022200B2800CB89C9 /* TextBundleTests */,
				0C256C6D221FFA1600CB89C9 /* Products */,
				0CB236192224162D005A4E82 /* Frameworks */,
			);
			sourceTree = "<group>";
		};
		0C256C6D221FFA1600CB89C9 /* Products */ = {
			isa = PBXGroup;
			children = (
				0C256C6C221FFA1600CB89C9 /* TextBundle.framework */,
				0C256C8F22200B2800CB89C9 /* TextBundleTests.xctest */,
				0CB2360E22241595005A4E82 /* TextBundle.framework */,
			);
			name = Products;
			sourceTree = "<group>";
		};
		0C256C6E221FFA1600CB89C9 /* TextBundle-Mac */ = {
			isa = PBXGroup;
			children = (
				0C256C6F221FFA1600CB89C9 /* TextBundle.h */,
				0C256C70221FFA1600CB89C9 /* Info.plist */,
			);
			path = "TextBundle-Mac";
			sourceTree = "<group>";
		};
		0C256C84221FFADB00CB89C9 /* TextBundle */ = {
			isa = PBXGroup;
			children = (
				0C256C87221FFB6A00CB89C9 /* TextBundleWrapper.h */,
				0C256C88221FFB6A00CB89C9 /* TextBundleWrapper.m */,
			);
			path = TextBundle;
			sourceTree = "<group>";
		};
		0C256C9022200B2800CB89C9 /* TextBundleTests */ = {
			isa = PBXGroup;
			children = (
				0C256C9122200B2800CB89C9 /* TextBundleTests.m */,
				0C256C9A2220111E00CB89C9 /* Sample TextBundles */,
				0C256C9322200B2800CB89C9 /* Info.plist */,
			);
			path = TextBundleTests;
			sourceTree = "<group>";
		};
		0C256C9A2220111E00CB89C9 /* Sample TextBundles */ = {
			isa = PBXGroup;
			children = (
				0C5DE018222EABA600ADC323 /* sample asset.jpg */,
				0C5DE01A222EACC800ADC323 /* sample asset 2.jpg */,
				0C256C9E22202ED000CB89C9 /* only text.textbundle */,
				0C256C9D22202ED000CB89C9 /* text plus attachments.textbundle */,
				0CB23602222195BD005A4E82 /* invalid no info.textbundle */,
				0CB23601222195BD005A4E82 /* invalid no text.textbundle */,
				0C75E8C92293EACC0040E41C /* invalid zipped textbundle.textbundle */,
			);
			path = "Sample TextBundles";
			sourceTree = "<group>";
		};
		0CB2360F22241595005A4E82 /* TextBundle-iOS */ = {
			isa = PBXGroup;
			children = (
				0CB2361022241595005A4E82 /* TextBundle.h */,
				0CB2361122241595005A4E82 /* Info.plist */,
			);
			path = "TextBundle-iOS";
			sourceTree = "<group>";
		};
		0CB236192224162D005A4E82 /* Frameworks */ = {
			isa = PBXGroup;
			children = (
				0CB2361A2224162D005A4E82 /* CoreServices.framework */,
			);
			name = Frameworks;
			sourceTree = "<group>";
		};
/* End PBXGroup section */

/* Begin PBXHeadersBuildPhase section */
		0C256C67221FFA1600CB89C9 /* Headers */ = {
			isa = PBXHeadersBuildPhase;
			buildActionMask = 2147483647;
			files = (
				0C256C7D221FFA1600CB89C9 /* TextBundle.h in Headers */,
				0C256C89221FFB6A00CB89C9 /* TextBundleWrapper.h in Headers */,
			);
			runOnlyForDeploymentPostprocessing = 0;
		};
		0CB2360922241595005A4E82 /* Headers */ = {
			isa = PBXHeadersBuildPhase;
			buildActionMask = 2147483647;
			files = (
				0CB2361222241595005A4E82 /* TextBundle.h in Headers */,
				0CB23617222415CC005A4E82 /* TextBundleWrapper.h in Headers */,
			);
			runOnlyForDeploymentPostprocessing = 0;
		};
/* End PBXHeadersBuildPhase section */

/* Begin PBXNativeTarget section */
		0C256C6B221FFA1600CB89C9 /* TextBundle-Mac */ = {
			isa = PBXNativeTarget;
			buildConfigurationList = 0C256C7E221FFA1600CB89C9 /* Build configuration list for PBXNativeTarget "TextBundle-Mac" */;
			buildPhases = (
				0C256C67221FFA1600CB89C9 /* Headers */,
				0C256C68221FFA1600CB89C9 /* Sources */,
				0C256C69221FFA1600CB89C9 /* Frameworks */,
				0C256C6A221FFA1600CB89C9 /* Resources */,
			);
			buildRules = (
			);
			dependencies = (
			);
			name = "TextBundle-Mac";
			productName = "TextBundle-Mac";
			productReference = 0C256C6C221FFA1600CB89C9 /* TextBundle.framework */;
			productType = "com.apple.product-type.framework";
		};
		0C256C8E22200B2800CB89C9 /* TextBundleTests */ = {
			isa = PBXNativeTarget;
			buildConfigurationList = 0C256C9722200B2800CB89C9 /* Build configuration list for PBXNativeTarget "TextBundleTests" */;
			buildPhases = (
				0C256C8B22200B2800CB89C9 /* Sources */,
				0C256C8C22200B2800CB89C9 /* Frameworks */,
				0C256C8D22200B2800CB89C9 /* Resources */,
			);
			buildRules = (
			);
			dependencies = (
				0C256C9622200B2800CB89C9 /* PBXTargetDependency */,
			);
			name = TextBundleTests;
			productName = TextBundleTests;
			productReference = 0C256C8F22200B2800CB89C9 /* TextBundleTests.xctest */;
			productType = "com.apple.product-type.bundle.unit-test";
		};
		0CB2360D22241595005A4E82 /* TextBundle-iOS */ = {
			isa = PBXNativeTarget;
			buildConfigurationList = 0CB2361322241595005A4E82 /* Build configuration list for PBXNativeTarget "TextBundle-iOS" */;
			buildPhases = (
				0CB2360922241595005A4E82 /* Headers */,
				0CB2360A22241595005A4E82 /* Sources */,
				0CB2360B22241595005A4E82 /* Frameworks */,
				0CB2360C22241595005A4E82 /* Resources */,
			);
			buildRules = (
			);
			dependencies = (
			);
			name = "TextBundle-iOS";
			productName = "TextBundle-iOS";
			productReference = 0CB2360E22241595005A4E82 /* TextBundle.framework */;
			productType = "com.apple.product-type.framework";
		};
/* End PBXNativeTarget section */

/* Begin PBXProject section */
		0C256C61221FF9CC00CB89C9 /* Project object */ = {
			isa = PBXProject;
			attributes = {
				LastUpgradeCheck = 1010;
				TargetAttributes = {
					0C256C6B221FFA1600CB89C9 = {
						CreatedOnToolsVersion = 10.1;
					};
					0C256C8E22200B2800CB89C9 = {
						CreatedOnToolsVersion = 10.1;
					};
					0CB2360D22241595005A4E82 = {
						CreatedOnToolsVersion = 10.1;
					};
				};
			};
			buildConfigurationList = 0C256C64221FF9CC00CB89C9 /* Build configuration list for PBXProject "TextBundle" */;
			compatibilityVersion = "Xcode 9.3";
			developmentRegion = en;
			hasScannedForEncodings = 0;
			knownRegions = (
				en,
			);
			mainGroup = 0C256C60221FF9CC00CB89C9;
			productRefGroup = 0C256C6D221FFA1600CB89C9 /* Products */;
			projectDirPath = "";
			projectRoot = "";
			targets = (
				0C256C6B221FFA1600CB89C9 /* TextBundle-Mac */,
				0C256C8E22200B2800CB89C9 /* TextBundleTests */,
				0CB2360D22241595005A4E82 /* TextBundle-iOS */,
			);
		};
/* End PBXProject section */

/* Begin PBXResourcesBuildPhase section */
		0C256C6A221FFA1600CB89C9 /* Resources */ = {
			isa = PBXResourcesBuildPhase;
			buildActionMask = 2147483647;
			files = (
			);
			runOnlyForDeploymentPostprocessing = 0;
		};
		0C256C8D22200B2800CB89C9 /* Resources */ = {
			isa = PBXResourcesBuildPhase;
			buildActionMask = 2147483647;
			files = (
				0C5DE019222EABA600ADC323 /* sample asset.jpg in Resources */,
				0C256CA022202ED000CB89C9 /* only text.textbundle in Resources */,
				0C75E8CA2293EACC0040E41C /* invalid zipped textbundle.textbundle in Resources */,
				0CB23603222195BD005A4E82 /* invalid no text.textbundle in Resources */,
				0C256C9F22202ED000CB89C9 /* text plus attachments.textbundle in Resources */,
				0CB23604222195BD005A4E82 /* invalid no info.textbundle in Resources */,
				0C5DE01B222EACC800ADC323 /* sample asset 2.jpg in Resources */,
			);
			runOnlyForDeploymentPostprocessing = 0;
		};
		0CB2360C22241595005A4E82 /* Resources */ = {
			isa = PBXResourcesBuildPhase;
			buildActionMask = 2147483647;
			files = (
			);
			runOnlyForDeploymentPostprocessing = 0;
		};
/* End PBXResourcesBuildPhase section */

/* Begin PBXSourcesBuildPhase section */
		0C256C68221FFA1600CB89C9 /* Sources */ = {
			isa = PBXSourcesBuildPhase;
			buildActionMask = 2147483647;
			files = (
				0C256C8A221FFB6A00CB89C9 /* TextBundleWrapper.m in Sources */,
			);
			runOnlyForDeploymentPostprocessing = 0;
		};
		0C256C8B22200B2800CB89C9 /* Sources */ = {
			isa = PBXSourcesBuildPhase;
			buildActionMask = 2147483647;
			files = (
				0C256C9222200B2800CB89C9 /* TextBundleTests.m in Sources */,
			);
			runOnlyForDeploymentPostprocessing = 0;
		};
		0CB2360A22241595005A4E82 /* Sources */ = {
			isa = PBXSourcesBuildPhase;
			buildActionMask = 2147483647;
			files = (
				0CB23616222415CA005A4E82 /* TextBundleWrapper.m in Sources */,
			);
			runOnlyForDeploymentPostprocessing = 0;
		};
/* End PBXSourcesBuildPhase section */

/* Begin PBXTargetDependency section */
		0C256C9622200B2800CB89C9 /* PBXTargetDependency */ = {
			isa = PBXTargetDependency;
			target = 0C256C6B221FFA1600CB89C9 /* TextBundle-Mac */;
			targetProxy = 0C256C9522200B2800CB89C9 /* PBXContainerItemProxy */;
		};
/* End PBXTargetDependency section */

/* Begin XCBuildConfiguration section */
		0C256C65221FF9CC00CB89C9 /* Debug */ = {
			isa = XCBuildConfiguration;
			buildSettings = {
			};
			name = Debug;
		};
		0C256C66221FF9CC00CB89C9 /* Release */ = {
			isa = XCBuildConfiguration;
			buildSettings = {
			};
			name = Release;
		};
		0C256C7F221FFA1600CB89C9 /* Debug */ = {
			isa = XCBuildConfiguration;
			buildSettings = {
				ALWAYS_SEARCH_USER_PATHS = NO;
				CLANG_ANALYZER_NONNULL = YES;
				CLANG_ANALYZER_NUMBER_OBJECT_CONVERSION = YES_AGGRESSIVE;
				CLANG_CXX_LANGUAGE_STANDARD = "gnu++14";
				CLANG_CXX_LIBRARY = "libc++";
				CLANG_ENABLE_MODULES = YES;
				CLANG_ENABLE_OBJC_ARC = YES;
				CLANG_ENABLE_OBJC_WEAK = YES;
				CLANG_WARN_BLOCK_CAPTURE_AUTORELEASING = YES;
				CLANG_WARN_BOOL_CONVERSION = YES;
				CLANG_WARN_COMMA = YES;
				CLANG_WARN_CONSTANT_CONVERSION = YES;
				CLANG_WARN_DEPRECATED_OBJC_IMPLEMENTATIONS = YES;
				CLANG_WARN_DIRECT_OBJC_ISA_USAGE = YES_ERROR;
				CLANG_WARN_DOCUMENTATION_COMMENTS = YES;
				CLANG_WARN_EMPTY_BODY = YES;
				CLANG_WARN_ENUM_CONVERSION = YES;
				CLANG_WARN_INFINITE_RECURSION = YES;
				CLANG_WARN_INT_CONVERSION = YES;
				CLANG_WARN_NON_LITERAL_NULL_CONVERSION = YES;
				CLANG_WARN_OBJC_IMPLICIT_RETAIN_SELF = YES;
				CLANG_WARN_OBJC_LITERAL_CONVERSION = YES;
				CLANG_WARN_OBJC_ROOT_CLASS = YES_ERROR;
				CLANG_WARN_RANGE_LOOP_ANALYSIS = YES;
				CLANG_WARN_STRICT_PROTOTYPES = YES;
				CLANG_WARN_SUSPICIOUS_MOVE = YES;
				CLANG_WARN_UNGUARDED_AVAILABILITY = YES_AGGRESSIVE;
				CLANG_WARN_UNREACHABLE_CODE = YES;
				CLANG_WARN__DUPLICATE_METHOD_MATCH = YES;
				CODE_SIGN_IDENTITY = "Mac Developer";
				CODE_SIGN_STYLE = Automatic;
				COMBINE_HIDPI_IMAGES = YES;
				COPY_PHASE_STRIP = NO;
				CURRENT_PROJECT_VERSION = 1;
				DEBUG_INFORMATION_FORMAT = dwarf;
				DEFINES_MODULE = YES;
				DEVELOPMENT_TEAM = 9K33E3U3T4;
				DYLIB_COMPATIBILITY_VERSION = 1;
				DYLIB_CURRENT_VERSION = 1;
				DYLIB_INSTALL_NAME_BASE = "@rpath";
				ENABLE_STRICT_OBJC_MSGSEND = YES;
				ENABLE_TESTABILITY = YES;
				FRAMEWORK_VERSION = A;
				GCC_C_LANGUAGE_STANDARD = gnu11;
				GCC_DYNAMIC_NO_PIC = NO;
				GCC_NO_COMMON_BLOCKS = YES;
				GCC_OPTIMIZATION_LEVEL = 0;
				GCC_PREPROCESSOR_DEFINITIONS = (
					"DEBUG=1",
					"$(inherited)",
				);
				GCC_WARN_64_TO_32_BIT_CONVERSION = YES;
				GCC_WARN_ABOUT_RETURN_TYPE = YES_ERROR;
				GCC_WARN_UNDECLARED_SELECTOR = YES;
				GCC_WARN_UNINITIALIZED_AUTOS = YES_AGGRESSIVE;
				GCC_WARN_UNUSED_FUNCTION = YES;
				GCC_WARN_UNUSED_VARIABLE = YES;
				INFOPLIST_FILE = "TextBundle-Mac/Info.plist";
				INSTALL_PATH = "$(LOCAL_LIBRARY_DIR)/Frameworks";
				LD_RUNPATH_SEARCH_PATHS = (
					"$(inherited)",
					"@executable_path/../Frameworks",
					"@loader_path/Frameworks",
				);
				MACOSX_DEPLOYMENT_TARGET = 10.13;
				MTL_ENABLE_DEBUG_INFO = INCLUDE_SOURCE;
				MTL_FAST_MATH = YES;
				ONLY_ACTIVE_ARCH = YES;
				PRODUCT_BUNDLE_IDENTIFIER = "net.shinyfrog.TextBundle-Mac";
				PRODUCT_NAME = TextBundle;
				SDKROOT = macosx;
				SKIP_INSTALL = YES;
				VERSIONING_SYSTEM = "apple-generic";
				VERSION_INFO_PREFIX = "";
			};
			name = Debug;
		};
		0C256C80221FFA1600CB89C9 /* Release */ = {
			isa = XCBuildConfiguration;
			buildSettings = {
				ALWAYS_SEARCH_USER_PATHS = NO;
				CLANG_ANALYZER_NONNULL = YES;
				CLANG_ANALYZER_NUMBER_OBJECT_CONVERSION = YES_AGGRESSIVE;
				CLANG_CXX_LANGUAGE_STANDARD = "gnu++14";
				CLANG_CXX_LIBRARY = "libc++";
				CLANG_ENABLE_MODULES = YES;
				CLANG_ENABLE_OBJC_ARC = YES;
				CLANG_ENABLE_OBJC_WEAK = YES;
				CLANG_WARN_BLOCK_CAPTURE_AUTORELEASING = YES;
				CLANG_WARN_BOOL_CONVERSION = YES;
				CLANG_WARN_COMMA = YES;
				CLANG_WARN_CONSTANT_CONVERSION = YES;
				CLANG_WARN_DEPRECATED_OBJC_IMPLEMENTATIONS = YES;
				CLANG_WARN_DIRECT_OBJC_ISA_USAGE = YES_ERROR;
				CLANG_WARN_DOCUMENTATION_COMMENTS = YES;
				CLANG_WARN_EMPTY_BODY = YES;
				CLANG_WARN_ENUM_CONVERSION = YES;
				CLANG_WARN_INFINITE_RECURSION = YES;
				CLANG_WARN_INT_CONVERSION = YES;
				CLANG_WARN_NON_LITERAL_NULL_CONVERSION = YES;
				CLANG_WARN_OBJC_IMPLICIT_RETAIN_SELF = YES;
				CLANG_WARN_OBJC_LITERAL_CONVERSION = YES;
				CLANG_WARN_OBJC_ROOT_CLASS = YES_ERROR;
				CLANG_WARN_RANGE_LOOP_ANALYSIS = YES;
				CLANG_WARN_STRICT_PROTOTYPES = YES;
				CLANG_WARN_SUSPICIOUS_MOVE = YES;
				CLANG_WARN_UNGUARDED_AVAILABILITY = YES_AGGRESSIVE;
				CLANG_WARN_UNREACHABLE_CODE = YES;
				CLANG_WARN__DUPLICATE_METHOD_MATCH = YES;
				CODE_SIGN_IDENTITY = "Mac Developer";
				CODE_SIGN_STYLE = Automatic;
				COMBINE_HIDPI_IMAGES = YES;
				COPY_PHASE_STRIP = NO;
				CURRENT_PROJECT_VERSION = 1;
				DEBUG_INFORMATION_FORMAT = "dwarf-with-dsym";
				DEFINES_MODULE = YES;
				DEVELOPMENT_TEAM = 9K33E3U3T4;
				DYLIB_COMPATIBILITY_VERSION = 1;
				DYLIB_CURRENT_VERSION = 1;
				DYLIB_INSTALL_NAME_BASE = "@rpath";
				ENABLE_NS_ASSERTIONS = NO;
				ENABLE_STRICT_OBJC_MSGSEND = YES;
				FRAMEWORK_VERSION = A;
				GCC_C_LANGUAGE_STANDARD = gnu11;
				GCC_NO_COMMON_BLOCKS = YES;
				GCC_WARN_64_TO_32_BIT_CONVERSION = YES;
				GCC_WARN_ABOUT_RETURN_TYPE = YES_ERROR;
				GCC_WARN_UNDECLARED_SELECTOR = YES;
				GCC_WARN_UNINITIALIZED_AUTOS = YES_AGGRESSIVE;
				GCC_WARN_UNUSED_FUNCTION = YES;
				GCC_WARN_UNUSED_VARIABLE = YES;
				INFOPLIST_FILE = "TextBundle-Mac/Info.plist";
				INSTALL_PATH = "$(LOCAL_LIBRARY_DIR)/Frameworks";
				LD_RUNPATH_SEARCH_PATHS = (
					"$(inherited)",
					"@executable_path/../Frameworks",
					"@loader_path/Frameworks",
				);
				MACOSX_DEPLOYMENT_TARGET = 10.13;
				MTL_ENABLE_DEBUG_INFO = NO;
				MTL_FAST_MATH = YES;
				PRODUCT_BUNDLE_IDENTIFIER = "net.shinyfrog.TextBundle-Mac";
				PRODUCT_NAME = TextBundle;
				SDKROOT = macosx;
				SKIP_INSTALL = YES;
				VERSIONING_SYSTEM = "apple-generic";
				VERSION_INFO_PREFIX = "";
			};
			name = Release;
		};
		0C256C9822200B2800CB89C9 /* Debug */ = {
			isa = XCBuildConfiguration;
			buildSettings = {
				ALWAYS_SEARCH_USER_PATHS = NO;
				CLANG_ANALYZER_NONNULL = YES;
				CLANG_ANALYZER_NUMBER_OBJECT_CONVERSION = YES_AGGRESSIVE;
				CLANG_CXX_LANGUAGE_STANDARD = "gnu++14";
				CLANG_CXX_LIBRARY = "libc++";
				CLANG_ENABLE_MODULES = YES;
				CLANG_ENABLE_OBJC_ARC = YES;
				CLANG_ENABLE_OBJC_WEAK = YES;
				CLANG_WARN_BLOCK_CAPTURE_AUTORELEASING = YES;
				CLANG_WARN_BOOL_CONVERSION = YES;
				CLANG_WARN_COMMA = YES;
				CLANG_WARN_CONSTANT_CONVERSION = YES;
				CLANG_WARN_DEPRECATED_OBJC_IMPLEMENTATIONS = YES;
				CLANG_WARN_DIRECT_OBJC_ISA_USAGE = YES_ERROR;
				CLANG_WARN_DOCUMENTATION_COMMENTS = YES;
				CLANG_WARN_EMPTY_BODY = YES;
				CLANG_WARN_ENUM_CONVERSION = YES;
				CLANG_WARN_INFINITE_RECURSION = YES;
				CLANG_WARN_INT_CONVERSION = YES;
				CLANG_WARN_NON_LITERAL_NULL_CONVERSION = YES;
				CLANG_WARN_OBJC_IMPLICIT_RETAIN_SELF = YES;
				CLANG_WARN_OBJC_LITERAL_CONVERSION = YES;
				CLANG_WARN_OBJC_ROOT_CLASS = YES_ERROR;
				CLANG_WARN_RANGE_LOOP_ANALYSIS = YES;
				CLANG_WARN_STRICT_PROTOTYPES = YES;
				CLANG_WARN_SUSPICIOUS_MOVE = YES;
				CLANG_WARN_UNGUARDED_AVAILABILITY = YES_AGGRESSIVE;
				CLANG_WARN_UNREACHABLE_CODE = YES;
				CLANG_WARN__DUPLICATE_METHOD_MATCH = YES;
				CODE_SIGN_IDENTITY = "Mac Developer";
				CODE_SIGN_STYLE = Automatic;
				COMBINE_HIDPI_IMAGES = YES;
				COPY_PHASE_STRIP = NO;
				DEBUG_INFORMATION_FORMAT = dwarf;
				DEVELOPMENT_TEAM = 9K33E3U3T4;
				ENABLE_STRICT_OBJC_MSGSEND = YES;
				ENABLE_TESTABILITY = YES;
				GCC_C_LANGUAGE_STANDARD = gnu11;
				GCC_DYNAMIC_NO_PIC = NO;
				GCC_NO_COMMON_BLOCKS = YES;
				GCC_OPTIMIZATION_LEVEL = 0;
				GCC_PREPROCESSOR_DEFINITIONS = (
					"DEBUG=1",
					"$(inherited)",
				);
				GCC_WARN_64_TO_32_BIT_CONVERSION = YES;
				GCC_WARN_ABOUT_RETURN_TYPE = YES_ERROR;
				GCC_WARN_UNDECLARED_SELECTOR = YES;
				GCC_WARN_UNINITIALIZED_AUTOS = YES_AGGRESSIVE;
				GCC_WARN_UNUSED_FUNCTION = YES;
				GCC_WARN_UNUSED_VARIABLE = YES;
				INFOPLIST_FILE = TextBundleTests/Info.plist;
				LD_RUNPATH_SEARCH_PATHS = (
					"$(inherited)",
					"@executable_path/../Frameworks",
					"@loader_path/../Frameworks",
				);
				MACOSX_DEPLOYMENT_TARGET = 10.13;
				MTL_ENABLE_DEBUG_INFO = INCLUDE_SOURCE;
				MTL_FAST_MATH = YES;
				ONLY_ACTIVE_ARCH = YES;
				PRODUCT_BUNDLE_IDENTIFIER = net.shinyfrog.TextBundleTests;
				PRODUCT_NAME = "$(TARGET_NAME)";
				SDKROOT = macosx;
			};
			name = Debug;
		};
		0C256C9922200B2800CB89C9 /* Release */ = {
			isa = XCBuildConfiguration;
			buildSettings = {
				ALWAYS_SEARCH_USER_PATHS = NO;
				CLANG_ANALYZER_NONNULL = YES;
				CLANG_ANALYZER_NUMBER_OBJECT_CONVERSION = YES_AGGRESSIVE;
				CLANG_CXX_LANGUAGE_STANDARD = "gnu++14";
				CLANG_CXX_LIBRARY = "libc++";
				CLANG_ENABLE_MODULES = YES;
				CLANG_ENABLE_OBJC_ARC = YES;
				CLANG_ENABLE_OBJC_WEAK = YES;
				CLANG_WARN_BLOCK_CAPTURE_AUTORELEASING = YES;
				CLANG_WARN_BOOL_CONVERSION = YES;
				CLANG_WARN_COMMA = YES;
				CLANG_WARN_CONSTANT_CONVERSION = YES;
				CLANG_WARN_DEPRECATED_OBJC_IMPLEMENTATIONS = YES;
				CLANG_WARN_DIRECT_OBJC_ISA_USAGE = YES_ERROR;
				CLANG_WARN_DOCUMENTATION_COMMENTS = YES;
				CLANG_WARN_EMPTY_BODY = YES;
				CLANG_WARN_ENUM_CONVERSION = YES;
				CLANG_WARN_INFINITE_RECURSION = YES;
				CLANG_WARN_INT_CONVERSION = YES;
				CLANG_WARN_NON_LITERAL_NULL_CONVERSION = YES;
				CLANG_WARN_OBJC_IMPLICIT_RETAIN_SELF = YES;
				CLANG_WARN_OBJC_LITERAL_CONVERSION = YES;
				CLANG_WARN_OBJC_ROOT_CLASS = YES_ERROR;
				CLANG_WARN_RANGE_LOOP_ANALYSIS = YES;
				CLANG_WARN_STRICT_PROTOTYPES = YES;
				CLANG_WARN_SUSPICIOUS_MOVE = YES;
				CLANG_WARN_UNGUARDED_AVAILABILITY = YES_AGGRESSIVE;
				CLANG_WARN_UNREACHABLE_CODE = YES;
				CLANG_WARN__DUPLICATE_METHOD_MATCH = YES;
				CODE_SIGN_IDENTITY = "Mac Developer";
				CODE_SIGN_STYLE = Automatic;
				COMBINE_HIDPI_IMAGES = YES;
				COPY_PHASE_STRIP = NO;
				DEBUG_INFORMATION_FORMAT = "dwarf-with-dsym";
				DEVELOPMENT_TEAM = 9K33E3U3T4;
				ENABLE_NS_ASSERTIONS = NO;
				ENABLE_STRICT_OBJC_MSGSEND = YES;
				GCC_C_LANGUAGE_STANDARD = gnu11;
				GCC_NO_COMMON_BLOCKS = YES;
				GCC_WARN_64_TO_32_BIT_CONVERSION = YES;
				GCC_WARN_ABOUT_RETURN_TYPE = YES_ERROR;
				GCC_WARN_UNDECLARED_SELECTOR = YES;
				GCC_WARN_UNINITIALIZED_AUTOS = YES_AGGRESSIVE;
				GCC_WARN_UNUSED_FUNCTION = YES;
				GCC_WARN_UNUSED_VARIABLE = YES;
				INFOPLIST_FILE = TextBundleTests/Info.plist;
				LD_RUNPATH_SEARCH_PATHS = (
					"$(inherited)",
					"@executable_path/../Frameworks",
					"@loader_path/../Frameworks",
				);
				MACOSX_DEPLOYMENT_TARGET = 10.13;
				MTL_ENABLE_DEBUG_INFO = NO;
				MTL_FAST_MATH = YES;
				PRODUCT_BUNDLE_IDENTIFIER = net.shinyfrog.TextBundleTests;
				PRODUCT_NAME = "$(TARGET_NAME)";
				SDKROOT = macosx;
			};
			name = Release;
		};
		0CB2361422241595005A4E82 /* Debug */ = {
			isa = XCBuildConfiguration;
			buildSettings = {
				ALWAYS_SEARCH_USER_PATHS = NO;
				CLANG_ANALYZER_NONNULL = YES;
				CLANG_ANALYZER_NUMBER_OBJECT_CONVERSION = YES_AGGRESSIVE;
				CLANG_CXX_LANGUAGE_STANDARD = "gnu++14";
				CLANG_CXX_LIBRARY = "libc++";
				CLANG_ENABLE_MODULES = YES;
				CLANG_ENABLE_OBJC_ARC = YES;
				CLANG_ENABLE_OBJC_WEAK = YES;
				CLANG_WARN_BLOCK_CAPTURE_AUTORELEASING = YES;
				CLANG_WARN_BOOL_CONVERSION = YES;
				CLANG_WARN_COMMA = YES;
				CLANG_WARN_CONSTANT_CONVERSION = YES;
				CLANG_WARN_DEPRECATED_OBJC_IMPLEMENTATIONS = YES;
				CLANG_WARN_DIRECT_OBJC_ISA_USAGE = YES_ERROR;
				CLANG_WARN_DOCUMENTATION_COMMENTS = YES;
				CLANG_WARN_EMPTY_BODY = YES;
				CLANG_WARN_ENUM_CONVERSION = YES;
				CLANG_WARN_INFINITE_RECURSION = YES;
				CLANG_WARN_INT_CONVERSION = YES;
				CLANG_WARN_NON_LITERAL_NULL_CONVERSION = YES;
				CLANG_WARN_OBJC_IMPLICIT_RETAIN_SELF = YES;
				CLANG_WARN_OBJC_LITERAL_CONVERSION = YES;
				CLANG_WARN_OBJC_ROOT_CLASS = YES_ERROR;
				CLANG_WARN_RANGE_LOOP_ANALYSIS = YES;
				CLANG_WARN_STRICT_PROTOTYPES = YES;
				CLANG_WARN_SUSPICIOUS_MOVE = YES;
				CLANG_WARN_UNGUARDED_AVAILABILITY = YES_AGGRESSIVE;
				CLANG_WARN_UNREACHABLE_CODE = YES;
				CLANG_WARN__DUPLICATE_METHOD_MATCH = YES;
				CODE_SIGN_IDENTITY = "iPhone Developer";
				CODE_SIGN_STYLE = Automatic;
				COPY_PHASE_STRIP = NO;
				CURRENT_PROJECT_VERSION = 1;
				DEBUG_INFORMATION_FORMAT = dwarf;
				DEFINES_MODULE = YES;
				DEVELOPMENT_TEAM = 9K33E3U3T4;
				DYLIB_COMPATIBILITY_VERSION = 1;
				DYLIB_CURRENT_VERSION = 1;
				DYLIB_INSTALL_NAME_BASE = "@rpath";
				ENABLE_STRICT_OBJC_MSGSEND = YES;
				ENABLE_TESTABILITY = YES;
				GCC_C_LANGUAGE_STANDARD = gnu11;
				GCC_DYNAMIC_NO_PIC = NO;
				GCC_NO_COMMON_BLOCKS = YES;
				GCC_OPTIMIZATION_LEVEL = 0;
				GCC_PREPROCESSOR_DEFINITIONS = (
					"DEBUG=1",
					"$(inherited)",
				);
				GCC_WARN_64_TO_32_BIT_CONVERSION = YES;
				GCC_WARN_ABOUT_RETURN_TYPE = YES_ERROR;
				GCC_WARN_UNDECLARED_SELECTOR = YES;
				GCC_WARN_UNINITIALIZED_AUTOS = YES_AGGRESSIVE;
				GCC_WARN_UNUSED_FUNCTION = YES;
				GCC_WARN_UNUSED_VARIABLE = YES;
				INFOPLIST_FILE = "TextBundle-iOS/Info.plist";
				INSTALL_PATH = "$(LOCAL_LIBRARY_DIR)/Frameworks";
				IPHONEOS_DEPLOYMENT_TARGET = 12.1;
				LD_RUNPATH_SEARCH_PATHS = (
					"$(inherited)",
					"@executable_path/Frameworks",
					"@loader_path/Frameworks",
				);
				MTL_ENABLE_DEBUG_INFO = INCLUDE_SOURCE;
				MTL_FAST_MATH = YES;
				ONLY_ACTIVE_ARCH = YES;
				PRODUCT_BUNDLE_IDENTIFIER = "net.shinyfrog.TextBundle-iOS";
				PRODUCT_NAME = TextBundle;
				SDKROOT = iphoneos;
				SKIP_INSTALL = YES;
				TARGETED_DEVICE_FAMILY = "1,2";
				VERSIONING_SYSTEM = "apple-generic";
				VERSION_INFO_PREFIX = "";
			};
			name = Debug;
		};
		0CB2361522241595005A4E82 /* Release */ = {
			isa = XCBuildConfiguration;
			buildSettings = {
				ALWAYS_SEARCH_USER_PATHS = NO;
				CLANG_ANALYZER_NONNULL = YES;
				CLANG_ANALYZER_NUMBER_OBJECT_CONVERSION = YES_AGGRESSIVE;
				CLANG_CXX_LANGUAGE_STANDARD = "gnu++14";
				CLANG_CXX_LIBRARY = "libc++";
				CLANG_ENABLE_MODULES = YES;
				CLANG_ENABLE_OBJC_ARC = YES;
				CLANG_ENABLE_OBJC_WEAK = YES;
				CLANG_WARN_BLOCK_CAPTURE_AUTORELEASING = YES;
				CLANG_WARN_BOOL_CONVERSION = YES;
				CLANG_WARN_COMMA = YES;
				CLANG_WARN_CONSTANT_CONVERSION = YES;
				CLANG_WARN_DEPRECATED_OBJC_IMPLEMENTATIONS = YES;
				CLANG_WARN_DIRECT_OBJC_ISA_USAGE = YES_ERROR;
				CLANG_WARN_DOCUMENTATION_COMMENTS = YES;
				CLANG_WARN_EMPTY_BODY = YES;
				CLANG_WARN_ENUM_CONVERSION = YES;
				CLANG_WARN_INFINITE_RECURSION = YES;
				CLANG_WARN_INT_CONVERSION = YES;
				CLANG_WARN_NON_LITERAL_NULL_CONVERSION = YES;
				CLANG_WARN_OBJC_IMPLICIT_RETAIN_SELF = YES;
				CLANG_WARN_OBJC_LITERAL_CONVERSION = YES;
				CLANG_WARN_OBJC_ROOT_CLASS = YES_ERROR;
				CLANG_WARN_RANGE_LOOP_ANALYSIS = YES;
				CLANG_WARN_STRICT_PROTOTYPES = YES;
				CLANG_WARN_SUSPICIOUS_MOVE = YES;
				CLANG_WARN_UNGUARDED_AVAILABILITY = YES_AGGRESSIVE;
				CLANG_WARN_UNREACHABLE_CODE = YES;
				CLANG_WARN__DUPLICATE_METHOD_MATCH = YES;
				CODE_SIGN_IDENTITY = "iPhone Developer";
				CODE_SIGN_STYLE = Automatic;
				COPY_PHASE_STRIP = NO;
				CURRENT_PROJECT_VERSION = 1;
				DEBUG_INFORMATION_FORMAT = "dwarf-with-dsym";
				DEFINES_MODULE = YES;
				DEVELOPMENT_TEAM = 9K33E3U3T4;
				DYLIB_COMPATIBILITY_VERSION = 1;
				DYLIB_CURRENT_VERSION = 1;
				DYLIB_INSTALL_NAME_BASE = "@rpath";
				ENABLE_NS_ASSERTIONS = NO;
				ENABLE_STRICT_OBJC_MSGSEND = YES;
				GCC_C_LANGUAGE_STANDARD = gnu11;
				GCC_NO_COMMON_BLOCKS = YES;
				GCC_WARN_64_TO_32_BIT_CONVERSION = YES;
				GCC_WARN_ABOUT_RETURN_TYPE = YES_ERROR;
				GCC_WARN_UNDECLARED_SELECTOR = YES;
				GCC_WARN_UNINITIALIZED_AUTOS = YES_AGGRESSIVE;
				GCC_WARN_UNUSED_FUNCTION = YES;
				GCC_WARN_UNUSED_VARIABLE = YES;
				INFOPLIST_FILE = "TextBundle-iOS/Info.plist";
				INSTALL_PATH = "$(LOCAL_LIBRARY_DIR)/Frameworks";
				IPHONEOS_DEPLOYMENT_TARGET = 12.1;
				LD_RUNPATH_SEARCH_PATHS = (
					"$(inherited)",
					"@executable_path/Frameworks",
					"@loader_path/Frameworks",
				);
				MTL_ENABLE_DEBUG_INFO = NO;
				MTL_FAST_MATH = YES;
				PRODUCT_BUNDLE_IDENTIFIER = "net.shinyfrog.TextBundle-iOS";
				PRODUCT_NAME = TextBundle;
				SDKROOT = iphoneos;
				SKIP_INSTALL = YES;
				TARGETED_DEVICE_FAMILY = "1,2";
				VALIDATE_PRODUCT = YES;
				VERSIONING_SYSTEM = "apple-generic";
				VERSION_INFO_PREFIX = "";
			};
			name = Release;
		};
/* End XCBuildConfiguration section */

/* Begin XCConfigurationList section */
		0C256C64221FF9CC00CB89C9 /* Build configuration list for PBXProject "TextBundle" */ = {
			isa = XCConfigurationList;
			buildConfigurations = (
				0C256C65221FF9CC00CB89C9 /* Debug */,
				0C256C66221FF9CC00CB89C9 /* Release */,
			);
			defaultConfigurationIsVisible = 0;
			defaultConfigurationName = Release;
		};
		0C256C7E221FFA1600CB89C9 /* Build configuration list for PBXNativeTarget "TextBundle-Mac" */ = {
			isa = XCConfigurationList;
			buildConfigurations = (
				0C256C7F221FFA1600CB89C9 /* Debug */,
				0C256C80221FFA1600CB89C9 /* Release */,
			);
			defaultConfigurationIsVisible = 0;
			defaultConfigurationName = Release;
		};
		0C256C9722200B2800CB89C9 /* Build configuration list for PBXNativeTarget "TextBundleTests" */ = {
			isa = XCConfigurationList;
			buildConfigurations = (
				0C256C9822200B2800CB89C9 /* Debug */,
				0C256C9922200B2800CB89C9 /* Release */,
			);
			defaultConfigurationIsVisible = 0;
			defaultConfigurationName = Release;
		};
		0CB2361322241595005A4E82 /* Build configuration list for PBXNativeTarget "TextBundle-iOS" */ = {
			isa = XCConfigurationList;
			buildConfigurations = (
				0CB2361422241595005A4E82 /* Debug */,
				0CB2361522241595005A4E82 /* Release */,
			);
			defaultConfigurationIsVisible = 0;
			defaultConfigurationName = Release;
		};
/* End XCConfigurationList section */
	};
	rootObject = 0C256C61221FF9CC00CB89C9 /* Project object */;
}
